
Microsoft Visual Studio Solution File, Format Version 12.00
# Visual Studio Version 16
VisualStudioVersion = 16.0.32106.194
MinimumVisualStudioVersion = 10.0.40219.1
Project("{9A19103F-16F7-4668-BE54-9A1E7A4F7556}") = "NotificationManagement.Api", "NotificationManagement.Api\NotificationManagement.Api.csproj", "{95004B69-4551-49F2-8E37-FDC128FD54F1}"
EndProject
Project("{9A19103F-16F7-4668-BE54-9A1E7A4F7556}") = "NotificationManagement.Infra", "NotificationManagement.Infra\NotificationManagement.Infra.csproj", "{59B88AC7-92BE-4E48-A256-6F60360BAA1D}"
EndProject
Project("{9A19103F-16F7-4668-BE54-9A1E7A4F7556}") = "NotificationManagement.Domain", "NotificationManagement.Domain\NotificationManagement.Domain.csproj", "{224E3CDF-CECC-4D5D-91E1-0194472609A3}"
EndProject
Global
	GlobalSection(SolutionConfigurationPlatforms) = preSolution
		Debug|Any CPU = Debug|Any CPU
		Release|Any CPU = Release|Any CPU
	EndGlobalSection
	GlobalSection(ProjectConfigurationPlatforms) = postSolution
		{95004B69-4551-49F2-8E37-FDC128FD54F1}.Debug|Any CPU.ActiveCfg = Debug|Any CPU
		{95004B69-4551-49F2-8E37-FDC128FD54F1}.Debug|Any CPU.Build.0 = Debug|Any CPU
		{95004B69-4551-49F2-8E37-FDC128FD54F1}.Release|Any CPU.ActiveCfg = Release|Any CPU
		{95004B69-4551-49F2-8E37-FDC128FD54F1}.Release|Any CPU.Build.0 = Release|Any CPU
		{59B88AC7-92BE-4E48-A256-6F60360BAA1D}.Debug|Any CPU.ActiveCfg = Debug|Any CPU
		{59B88AC7-92BE-4E48-A256-6F60360BAA1D}.Debug|Any CPU.Build.0 = Debug|Any CPU
		{59B88AC7-92BE-4E48-A256-6F60360BAA1D}.Release|Any CPU.ActiveCfg = Release|Any CPU
		{59B88AC7-92BE-4E48-A256-6F60360BAA1D}.Release|Any CPU.Build.0 = Release|Any CPU
		{224E3CDF-CECC-4D5D-91E1-0194472609A3}.Debug|Any CPU.ActiveCfg = Debug|Any CPU
		{224E3CDF-CECC-4D5D-91E1-0194472609A3}.Debug|Any CPU.Build.0 = Debug|Any CPU
		{224E3CDF-CECC-4D5D-91E1-0194472609A3}.Release|Any CPU.ActiveCfg = Release|Any CPU
		{224E3CDF-CECC-4D5D-91E1-0194472609A3}.Release|Any CPU.Build.0 = Release|Any CPU
	EndGlobalSection
	GlobalSection(SolutionProperties) = preSolution
		HideSolutionNode = FALSE
	EndGlobalSection
	GlobalSection(ExtensibilityGlobals) = postSolution
		SolutionGuid = {7043362B-EEBE-4FAF-B1C4-11F4259468E4}
	EndGlobalSection
EndGlobal
